
Microsoft Visual Studio Solution File, Format Version 12.00
# Visual Studio 15
VisualStudioVersion = 15.0.28307.1022
MinimumVisualStudioVersion = 10.0.40219.1
Project("{FAE04EC0-301F-11D3-BF4B-00C04F79EFBC}") = "RotateSprite", "RotateSprite\RotateSprite.csproj", "{0890DF9D-432B-4224-A361-B23B5285F733}"
EndProject
Global
	GlobalSection(SolutionConfigurationPlatforms) = preSolution
		Debug|Any CPU = Debug|Any CPU
		Release|Any CPU = Release|Any CPU
	EndGlobalSection
	GlobalSection(ProjectConfigurationPlatforms) = postSolution
		{0890DF9D-432B-4224-A361-B23B5285F733}.Debug|Any CPU.ActiveCfg = Debug|Any CPU
		{0890DF9D-432B-4224-A361-B23B5285F733}.Debug|Any CPU.Build.0 = Debug|Any CPU
		{0890DF9D-432B-4224-A361-B23B5285F733}.Release|Any CPU.ActiveCfg = Release|Any CPU
		{0890DF9D-432B-4224-A361-B23B5285F733}.Release|Any CPU.Build.0 = Release|Any CPU
	EndGlobalSection
	GlobalSection(SolutionProperties) = preSolution
		HideSolutionNode = FALSE
	EndGlobalSection
	GlobalSection(ExtensibilityGlobals) = postSolution
		SolutionGuid = {7B48FC74-4F98-4526-9676-A64897201ABF}
	EndGlobalSection
EndGlobal
